
Microsoft Visual Studio Solution File, Format Version 12.00
# Visual Studio Version 17
VisualStudioVersion = 17.7.33913.275
MinimumVisualStudioVersion = 10.0.40219.1
Project("{FAE04EC0-301F-11D3-BF4B-00C04F79EFBC}") = "S03ObserverDesignPattern", "S03ObserverDesignPattern\S03ObserverDesignPattern.csproj", "{6383FE40-75D2-4F01-B7F8-3CEE78CB4FAA}"
EndProject
Project("{FAE04EC0-301F-11D3-BF4B-00C04F79EFBC}") = "S03ObserverDesignPattern2", "S03ObserverDesignPattern2\S03ObserverDesignPattern2.csproj", "{A76A16D3-DC95-4DF2-BE70-CE4B9BFDA19C}"
EndProject
Project("{FAE04EC0-301F-11D3-BF4B-00C04F79EFBC}") = "S03ObserverDesignPattern3", "S03ObserverDesignPattern3\S03ObserverDesignPattern3.csproj", "{AEB3240E-30FA-4605-B57E-08B5A70B0FED}"
EndProject
Project("{FAE04EC0-301F-11D3-BF4B-00C04F79EFBC}") = "S04Observer", "S04Observer\S04Observer.csproj", "{00024900-6BF1-45ED-9E5E-083BF8A13BA8}"
EndProject
Global
	GlobalSection(SolutionConfigurationPlatforms) = preSolution
		Debug|Any CPU = Debug|Any CPU
		Release|Any CPU = Release|Any CPU
	EndGlobalSection
	GlobalSection(ProjectConfigurationPlatforms) = postSolution
		{6383FE40-75D2-4F01-B7F8-3CEE78CB4FAA}.Debug|Any CPU.ActiveCfg = Debug|Any CPU
		{6383FE40-75D2-4F01-B7F8-3CEE78CB4FAA}.Debug|Any CPU.Build.0 = Debug|Any CPU
		{6383FE40-75D2-4F01-B7F8-3CEE78CB4FAA}.Release|Any CPU.ActiveCfg = Release|Any CPU
		{6383FE40-75D2-4F01-B7F8-3CEE78CB4FAA}.Release|Any CPU.Build.0 = Release|Any CPU
		{A76A16D3-DC95-4DF2-BE70-CE4B9BFDA19C}.Debug|Any CPU.ActiveCfg = Debug|Any CPU
		{A76A16D3-DC95-4DF2-BE70-CE4B9BFDA19C}.Debug|Any CPU.Build.0 = Debug|Any CPU
		{A76A16D3-DC95-4DF2-BE70-CE4B9BFDA19C}.Release|Any CPU.ActiveCfg = Release|Any CPU
		{A76A16D3-DC95-4DF2-BE70-CE4B9BFDA19C}.Release|Any CPU.Build.0 = Release|Any CPU
		{AEB3240E-30FA-4605-B57E-08B5A70B0FED}.Debug|Any CPU.ActiveCfg = Debug|Any CPU
		{AEB3240E-30FA-4605-B57E-08B5A70B0FED}.Debug|Any CPU.Build.0 = Debug|Any CPU
		{AEB3240E-30FA-4605-B57E-08B5A70B0FED}.Release|Any CPU.ActiveCfg = Release|Any CPU
		{AEB3240E-30FA-4605-B57E-08B5A70B0FED}.Release|Any CPU.Build.0 = Release|Any CPU
		{00024900-6BF1-45ED-9E5E-083BF8A13BA8}.Debug|Any CPU.ActiveCfg = Debug|Any CPU
		{00024900-6BF1-45ED-9E5E-083BF8A13BA8}.Debug|Any CPU.Build.0 = Debug|Any CPU
		{00024900-6BF1-45ED-9E5E-083BF8A13BA8}.Release|Any CPU.ActiveCfg = Release|Any CPU
		{00024900-6BF1-45ED-9E5E-083BF8A13BA8}.Release|Any CPU.Build.0 = Release|Any CPU
	EndGlobalSection
	GlobalSection(SolutionProperties) = preSolution
		HideSolutionNode = FALSE
	EndGlobalSection
	GlobalSection(ExtensibilityGlobals) = postSolution
		SolutionGuid = {694757FC-E9F3-412A-916C-6FEF77752CB4}
	EndGlobalSection
EndGlobal
